{
  "nodes": {
    "nixpkgs": {
      "locked": {
        "lastModified": 1594900461,
        "narHash": "sha256-kx/TTUBcSMSxB06MyXlSvF9/YfqHmwwKl7tJcWiYr8E=",
        "owner": "NixOS",
        "repo": "nixpkgs",
        "rev": "3e24c3ecc0c458c400fe4fedfbbf8dccb9e6d52d",
        "type": "github"
      },
      "original": {
        "id": "nixpkgs",
        "type": "indirect"
      }
    },
    "root": {
      "inputs": {
        "nixpkgs": "nixpkgs"
      }
    }
  },
  "root": "root",
  "version": 7
}
